version = 1
revision = 2
requires-python = ">=3.10"

[[package]]
name = "faker"
version = "37.4.0"
source = { registry = "https://pypi.org/simple" }
dependencies = [
    { name = "tzdata" },
]
sdist = { url = "https://files.pythonhosted.org/packages/65/f9/66af4019ee952fc84b8fe5b523fceb7f9e631ed8484417b6f1e3092f8290/faker-37.4.0.tar.gz", hash = "sha256:7f69d579588c23d5ce671f3fa872654ede0e67047820255f43a4aa1925b89780", size = 1901976, upload-time = "2025-06-11T17:59:30.818Z" }
wheels = [
    { url = "https://files.pythonhosted.org/packages/78/5e/c8c3c5ea0896ab747db2e2889bf5a6f618ed291606de6513df56ad8670a8/faker-37.4.0-py3-none-any.whl", hash = "sha256:cb81c09ebe06c32a10971d1bbdb264bb0e22b59af59548f011ac4809556ce533", size = 1942992, upload-time = "2025-06-11T17:59:28.698Z" },
]

[[package]]
name = "feladat2"
version = "0.1.0"
source = { virtual = "." }
dependencies = [
    { name = "faker" },
]

[package.metadata]
requires-dist = [{ name = "faker", specifier = ">=37.4.0" }]

[[package]]
name = "tzdata"
version = "2025.2"
source = { registry = "https://pypi.org/simple" }
sdist = { url = "https://files.pythonhosted.org/packages/95/32/1a225d6164441be760d75c2c42e2780dc0873fe382da3e98a2e1e48361e5/tzdata-2025.2.tar.gz", hash = "sha256:b60a638fcc0daffadf82fe0f57e53d06bdec2f36c4df66280ae79bce6bd6f2b9", size = 196380, upload-time = "2025-03-23T13:54:43.652Z" }
wheels = [
    { url = "https://files.pythonhosted.org/packages/5c/23/c7abc0ca0a1526a0774eca151daeb8de62ec457e77262b66b359c3c7679e/tzdata-2025.2-py2.py3-none-any.whl", hash = "sha256:1a403fada01ff9221ca8044d701868fa132215d84beb92242d9acd2147f667a8", size = 347839, upload-time = "2025-03-23T13:54:41.845Z" },
]
